{
  "nodes": {
    "nixpkgs": {
      "locked": {
        "lastModified": 1745934659,
        "narHash": "sha256-odZyAgjybOV1ha/lEoVL5HVOJw1YqFDfem9u3t+VB2o=",
        "owner": "NixOS",
        "repo": "nixpkgs",
        "rev": "fbc071e5c11e23fba50037de37268e3d8a1858eb",
        "type": "github"
      },
      "original": {
        "owner": "NixOS",
        "ref": "nixpkgs-unstable",
        "repo": "nixpkgs",
        "type": "github"
      }
    },
    "root": {
      "inputs": {
        "nixpkgs": "nixpkgs"
      }
    }
  },
  "root": "root",
  "version": 7
}
