{
  "nodes": {
    "nixpkgs": {
      "locked": {
        "lastModified": 1707171055,
        "narHash": "sha256-7ZiKRdhrScsDfhDkGy8yJWAT6BfHqa8PYMX04roU03k=",
        "owner": "NixOS",
        "repo": "nixpkgs",
        "rev": "4b1aab22192b787355733c9495d47f4c66af084c",
        "type": "github"
      },
      "original": {
        "owner": "NixOS",
        "ref": "nixpkgs-unstable",
        "repo": "nixpkgs",
        "type": "github"
      }
    },
    "root": {
      "inputs": {
        "nixpkgs": "nixpkgs"
      }
    }
  },
  "root": "root",
  "version": 7
}
